
Microsoft Visual Studio Solution File, Format Version 12.00
# Visual Studio 15
Project("{FAE04EC0-301F-11D3-BF4B-00C04F79EFBC}") = "test20.Android", "test20.Android\test20.Android.csproj", "{0A93C6F1-06BB-47FB-9549-D5C781F668AE}"
EndProject
Project("{FAE04EC0-301F-11D3-BF4B-00C04F79EFBC}") = "test20.iOS", "test20.iOS\test20.iOS.csproj", "{2B04CDB3-C3F9-4412-9FF6-AEE93A1C67E9}"
EndProject
Project("{FAE04EC0-301F-11D3-BF4B-00C04F79EFBC}") = "test20", "test20\test20.csproj", "{DCCB6179-1E71-46B8-8123-844D7CB7A790}"
EndProject
Global
	GlobalSection(SolutionConfigurationPlatforms) = preSolution
		Debug|Any CPU = Debug|Any CPU
		Release|Any CPU = Release|Any CPU
		Debug|iPhoneSimulator = Debug|iPhoneSimulator
		Release|iPhoneSimulator = Release|iPhoneSimulator
		Debug|iPhone = Debug|iPhone
		Release|iPhone = Release|iPhone
	EndGlobalSection
	GlobalSection(ProjectConfigurationPlatforms) = postSolution
		{0A93C6F1-06BB-47FB-9549-D5C781F668AE}.Debug|Any CPU.ActiveCfg = Debug|Any CPU
		{0A93C6F1-06BB-47FB-9549-D5C781F668AE}.Debug|Any CPU.Build.0 = Debug|Any CPU
		{0A93C6F1-06BB-47FB-9549-D5C781F668AE}.Release|Any CPU.ActiveCfg = Release|Any CPU
		{0A93C6F1-06BB-47FB-9549-D5C781F668AE}.Release|Any CPU.Build.0 = Release|Any CPU
		{0A93C6F1-06BB-47FB-9549-D5C781F668AE}.Debug|iPhoneSimulator.ActiveCfg = Debug|Any CPU
		{0A93C6F1-06BB-47FB-9549-D5C781F668AE}.Debug|iPhoneSimulator.Build.0 = Debug|Any CPU
		{0A93C6F1-06BB-47FB-9549-D5C781F668AE}.Release|iPhoneSimulator.ActiveCfg = Release|Any CPU
		{0A93C6F1-06BB-47FB-9549-D5C781F668AE}.Release|iPhoneSimulator.Build.0 = Release|Any CPU
		{0A93C6F1-06BB-47FB-9549-D5C781F668AE}.Debug|iPhone.ActiveCfg = Debug|Any CPU
		{0A93C6F1-06BB-47FB-9549-D5C781F668AE}.Debug|iPhone.Build.0 = Debug|Any CPU
		{0A93C6F1-06BB-47FB-9549-D5C781F668AE}.Release|iPhone.ActiveCfg = Release|Any CPU
		{0A93C6F1-06BB-47FB-9549-D5C781F668AE}.Release|iPhone.Build.0 = Release|Any CPU
		{2B04CDB3-C3F9-4412-9FF6-AEE93A1C67E9}.Debug|Any CPU.ActiveCfg = Debug|iPhoneSimulator
		{2B04CDB3-C3F9-4412-9FF6-AEE93A1C67E9}.Debug|Any CPU.Build.0 = Debug|iPhoneSimulator
		{2B04CDB3-C3F9-4412-9FF6-AEE93A1C67E9}.Release|Any CPU.ActiveCfg = Release|iPhoneSimulator
		{2B04CDB3-C3F9-4412-9FF6-AEE93A1C67E9}.Release|Any CPU.Build.0 = Release|iPhoneSimulator
		{2B04CDB3-C3F9-4412-9FF6-AEE93A1C67E9}.Debug|iPhoneSimulator.ActiveCfg = Debug|iPhoneSimulator
		{2B04CDB3-C3F9-4412-9FF6-AEE93A1C67E9}.Debug|iPhoneSimulator.Build.0 = Debug|iPhoneSimulator
		{2B04CDB3-C3F9-4412-9FF6-AEE93A1C67E9}.Release|iPhoneSimulator.ActiveCfg = Release|iPhoneSimulator
		{2B04CDB3-C3F9-4412-9FF6-AEE93A1C67E9}.Release|iPhoneSimulator.Build.0 = Release|iPhoneSimulator
		{2B04CDB3-C3F9-4412-9FF6-AEE93A1C67E9}.Debug|iPhone.ActiveCfg = Debug|iPhone
		{2B04CDB3-C3F9-4412-9FF6-AEE93A1C67E9}.Debug|iPhone.Build.0 = Debug|iPhone
		{2B04CDB3-C3F9-4412-9FF6-AEE93A1C67E9}.Release|iPhone.ActiveCfg = Release|iPhone
		{2B04CDB3-C3F9-4412-9FF6-AEE93A1C67E9}.Release|iPhone.Build.0 = Release|iPhone
		{DCCB6179-1E71-46B8-8123-844D7CB7A790}.Debug|Any CPU.ActiveCfg = Debug|Any CPU
		{DCCB6179-1E71-46B8-8123-844D7CB7A790}.Debug|Any CPU.Build.0 = Debug|Any CPU
		{DCCB6179-1E71-46B8-8123-844D7CB7A790}.Release|Any CPU.ActiveCfg = Release|Any CPU
		{DCCB6179-1E71-46B8-8123-844D7CB7A790}.Release|Any CPU.Build.0 = Release|Any CPU
		{DCCB6179-1E71-46B8-8123-844D7CB7A790}.Debug|iPhoneSimulator.ActiveCfg = Debug|Any CPU
		{DCCB6179-1E71-46B8-8123-844D7CB7A790}.Debug|iPhoneSimulator.Build.0 = Debug|Any CPU
		{DCCB6179-1E71-46B8-8123-844D7CB7A790}.Release|iPhoneSimulator.ActiveCfg = Release|Any CPU
		{DCCB6179-1E71-46B8-8123-844D7CB7A790}.Release|iPhoneSimulator.Build.0 = Release|Any CPU
		{DCCB6179-1E71-46B8-8123-844D7CB7A790}.Debug|iPhone.ActiveCfg = Debug|Any CPU
		{DCCB6179-1E71-46B8-8123-844D7CB7A790}.Debug|iPhone.Build.0 = Debug|Any CPU
		{DCCB6179-1E71-46B8-8123-844D7CB7A790}.Release|iPhone.ActiveCfg = Release|Any CPU
		{DCCB6179-1E71-46B8-8123-844D7CB7A790}.Release|iPhone.Build.0 = Release|Any CPU
	EndGlobalSection
EndGlobal
